// !$*UTF8*$!
{
	archiveVersion = 1;
	classes = {
	};
	objectVersion = 55;
	objects = {

/* Begin PBXBuildFile section */
		7148EA722792E66B000AC8E2 /* ViewController.swift in Sources */ = {isa = PBXBuildFile; fileRef = 7148EA712792E66B000AC8E2 /* ViewController.swift */; };
		7148EA742792ECFA000AC8E2 /* TDListCell.swift in Sources */ = {isa = PBXBuildFile; fileRef = 7148EA732792ECFA000AC8E2 /* TDListCell.swift */; };
		7148EA762792EDC0000AC8E2 /* TDListVM.swift in Sources */ = {isa = PBXBuildFile; fileRef = 7148EA752792EDC0000AC8E2 /* TDListVM.swift */; };
		7148EA782792EEC5000AC8E2 /* Task.swift in Sources */ = {isa = PBXBuildFile; fileRef = 7148EA772792EEC5000AC8E2 /* Task.swift */; };
		7148EA7B27930F4B000AC8E2 /* RealmManager.swift in Sources */ = {isa = PBXBuildFile; fileRef = 7148EA7A27930F4B000AC8E2 /* RealmManager.swift */; };
		7148EA7E27931AAE000AC8E2 /* RealmSwift in Frameworks */ = {isa = PBXBuildFile; productRef = 7148EA7D27931AAE000AC8E2 /* RealmSwift */; };
		71BB6D9E279283C000348641 /* AppDelegate.swift in Sources */ = {isa = PBXBuildFile; fileRef = 71BB6D9D279283C000348641 /* AppDelegate.swift */; };
		71BB6DA7279283C400348641 /* Assets.xcassets in Resources */ = {isa = PBXBuildFile; fileRef = 71BB6DA6279283C400348641 /* Assets.xcassets */; };
		71BB6DAA279283C400348641 /* LaunchScreen.storyboard in Resources */ = {isa = PBXBuildFile; fileRef = 71BB6DA8279283C400348641 /* LaunchScreen.storyboard */; };
		71BB6DB5279283C400348641 /* To_do_AppTests.swift in Sources */ = {isa = PBXBuildFile; fileRef = 71BB6DB4279283C400348641 /* To_do_AppTests.swift */; };
		71BB6DBF279283C400348641 /* To_do_AppUITests.swift in Sources */ = {isa = PBXBuildFile; fileRef = 71BB6DBE279283C400348641 /* To_do_AppUITests.swift */; };
		71BB6DC1279283C400348641 /* To_do_AppUITestsLaunchTests.swift in Sources */ = {isa = PBXBuildFile; fileRef = 71BB6DC0279283C400348641 /* To_do_AppUITestsLaunchTests.swift */; };
		71BB6DD42792854800348641 /* TDListVC.swift in Sources */ = {isa = PBXBuildFile; fileRef = 71BB6DD32792854800348641 /* TDListVC.swift */; };
		71BB6DDA2792882200348641 /* AppRouter.swift in Sources */ = {isa = PBXBuildFile; fileRef = 71BB6DD92792882200348641 /* AppRouter.swift */; };
		71BB6DDD2792887200348641 /* Constants.swift in Sources */ = {isa = PBXBuildFile; fileRef = 71BB6DDC2792887200348641 /* Constants.swift */; };
		71BB6DE0279288CB00348641 /* Utility.swift in Sources */ = {isa = PBXBuildFile; fileRef = 71BB6DDF279288CB00348641 /* Utility.swift */; };
		71BB6DE327928A1A00348641 /* AppVariable.swift in Sources */ = {isa = PBXBuildFile; fileRef = 71BB6DE227928A1A00348641 /* AppVariable.swift */; };
		71BB6DE627928F9900348641 /* Main.storyboard in Resources */ = {isa = PBXBuildFile; fileRef = 71BB6DE427928F9900348641 /* Main.storyboard */; };
		71BB6DE827928FD000348641 /* SceneDelegate.swift in Sources */ = {isa = PBXBuildFile; fileRef = 71BB6DE727928FD000348641 /* SceneDelegate.swift */; };
/* End PBXBuildFile section */

/* Begin PBXContainerItemProxy section */
		71BB6DB1279283C400348641 /* PBXContainerItemProxy */ = {
			isa = PBXContainerItemProxy;
			containerPortal = 71BB6D92279283C000348641 /* Project object */;
			proxyType = 1;
			remoteGlobalIDString = 71BB6D99279283C000348641;
			remoteInfo = "To do App";
		};
		71BB6DBB279283C400348641 /* PBXContainerItemProxy */ = {
			isa = PBXContainerItemProxy;
			containerPortal = 71BB6D92279283C000348641 /* Project object */;
			proxyType = 1;
			remoteGlobalIDString = 71BB6D99279283C000348641;
			remoteInfo = "To do App";
		};
/* End PBXContainerItemProxy section */

/* Begin PBXFileReference section */
		7148EA712792E66B000AC8E2 /* ViewController.swift */ = {isa = PBXFileReference; fileEncoding = 4; lastKnownFileType = sourcecode.swift; path = ViewController.swift; sourceTree = "<group>"; };
		7148EA732792ECFA000AC8E2 /* TDListCell.swift */ = {isa = PBXFileReference; lastKnownFileType = sourcecode.swift; path = TDListCell.swift; sourceTree = "<group>"; };
		7148EA752792EDC0000AC8E2 /* TDListVM.swift */ = {isa = PBXFileReference; lastKnownFileType = sourcecode.swift; path = TDListVM.swift; sourceTree = "<group>"; };
		7148EA772792EEC5000AC8E2 /* Task.swift */ = {isa = PBXFileReference; lastKnownFileType = sourcecode.swift; path = Task.swift; sourceTree = "<group>"; };
		7148EA7A27930F4B000AC8E2 /* RealmManager.swift */ = {isa = PBXFileReference; lastKnownFileType = sourcecode.swift; path = RealmManager.swift; sourceTree = "<group>"; };
		71BB6D9A279283C000348641 /* To do App.app */ = {isa = PBXFileReference; explicitFileType = wrapper.application; includeInIndex = 0; path = "To do App.app"; sourceTree = BUILT_PRODUCTS_DIR; };
		71BB6D9D279283C000348641 /* AppDelegate.swift */ = {isa = PBXFileReference; lastKnownFileType = sourcecode.swift; path = AppDelegate.swift; sourceTree = "<group>"; };
		71BB6DA6279283C400348641 /* Assets.xcassets */ = {isa = PBXFileReference; lastKnownFileType = folder.assetcatalog; path = Assets.xcassets; sourceTree = "<group>"; };
		71BB6DA9279283C400348641 /* Base */ = {isa = PBXFileReference; lastKnownFileType = file.storyboard; name = Base; path = Base.lproj/LaunchScreen.storyboard; sourceTree = "<group>"; };
		71BB6DAB279283C400348641 /* Info.plist */ = {isa = PBXFileReference; lastKnownFileType = text.plist.xml; path = Info.plist; sourceTree = "<group>"; };
		71BB6DB0279283C400348641 /* To do AppTests.xctest */ = {isa = PBXFileReference; explicitFileType = wrapper.cfbundle; includeInIndex = 0; path = "To do AppTests.xctest"; sourceTree = BUILT_PRODUCTS_DIR; };
		71BB6DB4279283C400348641 /* To_do_AppTests.swift */ = {isa = PBXFileReference; lastKnownFileType = sourcecode.swift; path = To_do_AppTests.swift; sourceTree = "<group>"; };
		71BB6DBA279283C400348641 /* To do AppUITests.xctest */ = {isa = PBXFileReference; explicitFileType = wrapper.cfbundle; includeInIndex = 0; path = "To do AppUITests.xctest"; sourceTree = BUILT_PRODUCTS_DIR; };
		71BB6DBE279283C400348641 /* To_do_AppUITests.swift */ = {isa = PBXFileReference; lastKnownFileType = sourcecode.swift; path = To_do_AppUITests.swift; sourceTree = "<group>"; };
		71BB6DC0279283C400348641 /* To_do_AppUITestsLaunchTests.swift */ = {isa = PBXFileReference; lastKnownFileType = sourcecode.swift; path = To_do_AppUITestsLaunchTests.swift; sourceTree = "<group>"; };
		71BB6DD32792854800348641 /* TDListVC.swift */ = {isa = PBXFileReference; lastKnownFileType = sourcecode.swift; path = TDListVC.swift; sourceTree = "<group>"; };
		71BB6DD92792882200348641 /* AppRouter.swift */ = {isa = PBXFileReference; lastKnownFileType = sourcecode.swift; path = AppRouter.swift; sourceTree = "<group>"; };
		71BB6DDC2792887200348641 /* Constants.swift */ = {isa = PBXFileReference; lastKnownFileType = sourcecode.swift; path = Constants.swift; sourceTree = "<group>"; };
		71BB6DDF279288CB00348641 /* Utility.swift */ = {isa = PBXFileReference; lastKnownFileType = sourcecode.swift; path = Utility.swift; sourceTree = "<group>"; };
		71BB6DE227928A1A00348641 /* AppVariable.swift */ = {isa = PBXFileReference; lastKnownFileType = sourcecode.swift; path = AppVariable.swift; sourceTree = "<group>"; };
		71BB6DE527928F9900348641 /* Base */ = {isa = PBXFileReference; lastKnownFileType = file.storyboard; name = Base; path = Base.lproj/Main.storyboard; sourceTree = "<group>"; };
		71BB6DE727928FD000348641 /* SceneDelegate.swift */ = {isa = PBXFileReference; fileEncoding = 4; lastKnownFileType = sourcecode.swift; path = SceneDelegate.swift; sourceTree = "<group>"; };
/* End PBXFileReference section */

/* Begin PBXFrameworksBuildPhase section */
		71BB6D97279283C000348641 /* Frameworks */ = {
			isa = PBXFrameworksBuildPhase;
			buildActionMask = 2147483647;
			files = (
				7148EA7E27931AAE000AC8E2 /* RealmSwift in Frameworks */,
			);
			runOnlyForDeploymentPostprocessing = 0;
		};
		71BB6DAD279283C400348641 /* Frameworks */ = {
			isa = PBXFrameworksBuildPhase;
			buildActionMask = 2147483647;
			files = (
			);
			runOnlyForDeploymentPostprocessing = 0;
		};
		71BB6DB7279283C400348641 /* Frameworks */ = {
			isa = PBXFrameworksBuildPhase;
			buildActionMask = 2147483647;
			files = (
			);
			runOnlyForDeploymentPostprocessing = 0;
		};
/* End PBXFrameworksBuildPhase section */

/* Begin PBXGroup section */
		7148EA7C27931AAE000AC8E2 /* Frameworks */ = {
			isa = PBXGroup;
			children = (
			);
			name = Frameworks;
			sourceTree = "<group>";
		};
		71BB6D91279283C000348641 = {
			isa = PBXGroup;
			children = (
				71BB6D9C279283C000348641 /* To do App */,
				71BB6DB3279283C400348641 /* To do AppTests */,
				71BB6DBD279283C400348641 /* To do AppUITests */,
				71BB6D9B279283C000348641 /* Products */,
				7148EA7C27931AAE000AC8E2 /* Frameworks */,
			);
			sourceTree = "<group>";
		};
		71BB6D9B279283C000348641 /* Products */ = {
			isa = PBXGroup;
			children = (
				71BB6D9A279283C000348641 /* To do App.app */,
				71BB6DB0279283C400348641 /* To do AppTests.xctest */,
				71BB6DBA279283C400348641 /* To do AppUITests.xctest */,
			);
			name = Products;
			sourceTree = "<group>";
		};
		71BB6D9C279283C000348641 /* To do App */ = {
			isa = PBXGroup;
			children = (
				71BB6DCD279284F200348641 /* Todo List */,
				71BB6DD7279287E100348641 /* Common */,
				71BB6DA6279283C400348641 /* Assets.xcassets */,
				71BB6DA8279283C400348641 /* LaunchScreen.storyboard */,
				71BB6D9D279283C000348641 /* AppDelegate.swift */,
				71BB6DE727928FD000348641 /* SceneDelegate.swift */,
				7148EA712792E66B000AC8E2 /* ViewController.swift */,
				71BB6DE427928F9900348641 /* Main.storyboard */,
				71BB6DAB279283C400348641 /* Info.plist */,
			);
			path = "To do App";
			sourceTree = "<group>";
		};
		71BB6DB3279283C400348641 /* To do AppTests */ = {
			isa = PBXGroup;
			children = (
				71BB6DB4279283C400348641 /* To_do_AppTests.swift */,
			);
			path = "To do AppTests";
			sourceTree = "<group>";
		};
		71BB6DBD279283C400348641 /* To do AppUITests */ = {
			isa = PBXGroup;
			children = (
				71BB6DBE279283C400348641 /* To_do_AppUITests.swift */,
				71BB6DC0279283C400348641 /* To_do_AppUITestsLaunchTests.swift */,
			);
			path = "To do AppUITests";
			sourceTree = "<group>";
		};
		71BB6DCD279284F200348641 /* Todo List */ = {
			isa = PBXGroup;
			children = (
				71BB6DD02792851300348641 /* Model */,
				71BB6DCF2792850C00348641 /* View model */,
				71BB6DCE2792850100348641 /* View */,
			);
			path = "Todo List";
			sourceTree = "<group>";
		};
		71BB6DCE2792850100348641 /* View */ = {
			isa = PBXGroup;
			children = (
				71BB6DD22792852600348641 /* Cell */,
				71BB6DD12792851A00348641 /* Controller */,
			);
			path = View;
			sourceTree = "<group>";
		};
		71BB6DCF2792850C00348641 /* View model */ = {
			isa = PBXGroup;
			children = (
				7148EA752792EDC0000AC8E2 /* TDListVM.swift */,
			);
			path = "View model";
			sourceTree = "<group>";
		};
		71BB6DD02792851300348641 /* Model */ = {
			isa = PBXGroup;
			children = (
				7148EA772792EEC5000AC8E2 /* Task.swift */,
			);
			path = Model;
			sourceTree = "<group>";
		};
		71BB6DD12792851A00348641 /* Controller */ = {
			isa = PBXGroup;
			children = (
				71BB6DD32792854800348641 /* TDListVC.swift */,
			);
			path = Controller;
			sourceTree = "<group>";
		};
		71BB6DD22792852600348641 /* Cell */ = {
			isa = PBXGroup;
			children = (
				7148EA732792ECFA000AC8E2 /* TDListCell.swift */,
			);
			path = Cell;
			sourceTree = "<group>";
		};
		71BB6DD7279287E100348641 /* Common */ = {
			isa = PBXGroup;
			children = (
				71BB6DE127928A0200348641 /* App Variable */,
				71BB6DDE279288AB00348641 /* Utility Classes */,
				71BB6DDB2792886000348641 /* Constants */,
				71BB6DD8279287EC00348641 /* App Router */,
			);
			path = Common;
			sourceTree = "<group>";
		};
		71BB6DD8279287EC00348641 /* App Router */ = {
			isa = PBXGroup;
			children = (
				71BB6DD92792882200348641 /* AppRouter.swift */,
			);
			path = "App Router";
			sourceTree = "<group>";
		};
		71BB6DDB2792886000348641 /* Constants */ = {
			isa = PBXGroup;
			children = (
				71BB6DDC2792887200348641 /* Constants.swift */,
			);
			path = Constants;
			sourceTree = "<group>";
		};
		71BB6DDE279288AB00348641 /* Utility Classes */ = {
			isa = PBXGroup;
			children = (
				71BB6DDF279288CB00348641 /* Utility.swift */,
				7148EA7A27930F4B000AC8E2 /* RealmManager.swift */,
			);
			path = "Utility Classes";
			sourceTree = "<group>";
		};
		71BB6DE127928A0200348641 /* App Variable */ = {
			isa = PBXGroup;
			children = (
				71BB6DE227928A1A00348641 /* AppVariable.swift */,
			);
			path = "App Variable";
			sourceTree = "<group>";
		};
/* End PBXGroup section */

/* Begin PBXNativeTarget section */
		71BB6D99279283C000348641 /* To do App */ = {
			isa = PBXNativeTarget;
			buildConfigurationList = 71BB6DC4279283C400348641 /* Build configuration list for PBXNativeTarget "To do App" */;
			buildPhases = (
				71BB6D96279283C000348641 /* Sources */,
				71BB6D97279283C000348641 /* Frameworks */,
				71BB6D98279283C000348641 /* Resources */,
			);
			buildRules = (
			);
			dependencies = (
			);
			name = "To do App";
			packageProductDependencies = (
				7148EA7D27931AAE000AC8E2 /* RealmSwift */,
			);
			productName = "To do App";
			productReference = 71BB6D9A279283C000348641 /* To do App.app */;
			productType = "com.apple.product-type.application";
		};
		71BB6DAF279283C400348641 /* To do AppTests */ = {
			isa = PBXNativeTarget;
			buildConfigurationList = 71BB6DC7279283C400348641 /* Build configuration list for PBXNativeTarget "To do AppTests" */;
			buildPhases = (
				71BB6DAC279283C400348641 /* Sources */,
				71BB6DAD279283C400348641 /* Frameworks */,
				71BB6DAE279283C400348641 /* Resources */,
			);
			buildRules = (
			);
			dependencies = (
				71BB6DB2279283C400348641 /* PBXTargetDependency */,
			);
			name = "To do AppTests";
			productName = "To do AppTests";
			productReference = 71BB6DB0279283C400348641 /* To do AppTests.xctest */;
			productType = "com.apple.product-type.bundle.unit-test";
		};
		71BB6DB9279283C400348641 /* To do AppUITests */ = {
			isa = PBXNativeTarget;
			buildConfigurationList = 71BB6DCA279283C400348641 /* Build configuration list for PBXNativeTarget "To do AppUITests" */;
			buildPhases = (
				71BB6DB6279283C400348641 /* Sources */,
				71BB6DB7279283C400348641 /* Frameworks */,
				71BB6DB8279283C400348641 /* Resources */,
			);
			buildRules = (
			);
			dependencies = (
				71BB6DBC279283C400348641 /* PBXTargetDependency */,
			);
			name = "To do AppUITests";
			productName = "To do AppUITests";
			productReference = 71BB6DBA279283C400348641 /* To do AppUITests.xctest */;
			productType = "com.apple.product-type.bundle.ui-testing";
		};
/* End PBXNativeTarget section */

/* Begin PBXProject section */
		71BB6D92279283C000348641 /* Project object */ = {
			isa = PBXProject;
			attributes = {
				BuildIndependentTargetsInParallel = 1;
				LastSwiftUpdateCheck = 1320;
				LastUpgradeCheck = 1320;
				TargetAttributes = {
					71BB6D99279283C000348641 = {
						CreatedOnToolsVersion = 13.2.1;
					};
					71BB6DAF279283C400348641 = {
						CreatedOnToolsVersion = 13.2.1;
						TestTargetID = 71BB6D99279283C000348641;
					};
					71BB6DB9279283C400348641 = {
						CreatedOnToolsVersion = 13.2.1;
						TestTargetID = 71BB6D99279283C000348641;
					};
				};
			};
			buildConfigurationList = 71BB6D95279283C000348641 /* Build configuration list for PBXProject "To do App" */;
			compatibilityVersion = "Xcode 13.0";
			developmentRegion = en;
			hasScannedForEncodings = 0;
			knownRegions = (
				en,
				Base,
			);
			mainGroup = 71BB6D91279283C000348641;
			packageReferences = (
				7148EA7927930E44000AC8E2 /* XCRemoteSwiftPackageReference "realm-swift" */,
			);
			productRefGroup = 71BB6D9B279283C000348641 /* Products */;
			projectDirPath = "";
			projectRoot = "";
			targets = (
				71BB6D99279283C000348641 /* To do App */,
				71BB6DAF279283C400348641 /* To do AppTests */,
				71BB6DB9279283C400348641 /* To do AppUITests */,
			);
		};
/* End PBXProject section */

/* Begin PBXResourcesBuildPhase section */
		71BB6D98279283C000348641 /* Resources */ = {
			isa = PBXResourcesBuildPhase;
			buildActionMask = 2147483647;
			files = (
				71BB6DAA279283C400348641 /* LaunchScreen.storyboard in Resources */,
				71BB6DA7279283C400348641 /* Assets.xcassets in Resources */,
				71BB6DE627928F9900348641 /* Main.storyboard in Resources */,
			);
			runOnlyForDeploymentPostprocessing = 0;
		};
		71BB6DAE279283C400348641 /* Resources */ = {
			isa = PBXResourcesBuildPhase;
			buildActionMask = 2147483647;
			files = (
			);
			runOnlyForDeploymentPostprocessing = 0;
		};
		71BB6DB8279283C400348641 /* Resources */ = {
			isa = PBXResourcesBuildPhase;
			buildActionMask = 2147483647;
			files = (
			);
			runOnlyForDeploymentPostprocessing = 0;
		};
/* End PBXResourcesBuildPhase section */

/* Begin PBXSourcesBuildPhase section */
		71BB6D96279283C000348641 /* Sources */ = {
			isa = PBXSourcesBuildPhase;
			buildActionMask = 2147483647;
			files = (
				71BB6DE0279288CB00348641 /* Utility.swift in Sources */,
				71BB6DE827928FD000348641 /* SceneDelegate.swift in Sources */,
				71BB6D9E279283C000348641 /* AppDelegate.swift in Sources */,
				71BB6DE327928A1A00348641 /* AppVariable.swift in Sources */,
				7148EA782792EEC5000AC8E2 /* Task.swift in Sources */,
				7148EA7B27930F4B000AC8E2 /* RealmManager.swift in Sources */,
				71BB6DD42792854800348641 /* TDListVC.swift in Sources */,
				71BB6DDA2792882200348641 /* AppRouter.swift in Sources */,
				7148EA722792E66B000AC8E2 /* ViewController.swift in Sources */,
				7148EA742792ECFA000AC8E2 /* TDListCell.swift in Sources */,
				7148EA762792EDC0000AC8E2 /* TDListVM.swift in Sources */,
				71BB6DDD2792887200348641 /* Constants.swift in Sources */,
			);
			runOnlyForDeploymentPostprocessing = 0;
		};
		71BB6DAC279283C400348641 /* Sources */ = {
			isa = PBXSourcesBuildPhase;
			buildActionMask = 2147483647;
			files = (
				71BB6DB5279283C400348641 /* To_do_AppTests.swift in Sources */,
			);
			runOnlyForDeploymentPostprocessing = 0;
		};
		71BB6DB6279283C400348641 /* Sources */ = {
			isa = PBXSourcesBuildPhase;
			buildActionMask = 2147483647;
			files = (
				71BB6DC1279283C400348641 /* To_do_AppUITestsLaunchTests.swift in Sources */,
				71BB6DBF279283C400348641 /* To_do_AppUITests.swift in Sources */,
			);
			runOnlyForDeploymentPostprocessing = 0;
		};
/* End PBXSourcesBuildPhase section */

/* Begin PBXTargetDependency section */
		71BB6DB2279283C400348641 /* PBXTargetDependency */ = {
			isa = PBXTargetDependency;
			target = 71BB6D99279283C000348641 /* To do App */;
			targetProxy = 71BB6DB1279283C400348641 /* PBXContainerItemProxy */;
		};
		71BB6DBC279283C400348641 /* PBXTargetDependency */ = {
			isa = PBXTargetDependency;
			target = 71BB6D99279283C000348641 /* To do App */;
			targetProxy = 71BB6DBB279283C400348641 /* PBXContainerItemProxy */;
		};
/* End PBXTargetDependency section */

/* Begin PBXVariantGroup section */
		71BB6DA8279283C400348641 /* LaunchScreen.storyboard */ = {
			isa = PBXVariantGroup;
			children = (
				71BB6DA9279283C400348641 /* Base */,
			);
			name = LaunchScreen.storyboard;
			sourceTree = "<group>";
		};
		71BB6DE427928F9900348641 /* Main.storyboard */ = {
			isa = PBXVariantGroup;
			children = (
				71BB6DE527928F9900348641 /* Base */,
			);
			name = Main.storyboard;
			sourceTree = "<group>";
		};
/* End PBXVariantGroup section */

/* Begin XCBuildConfiguration section */
		71BB6DC2279283C400348641 /* Debug */ = {
			isa = XCBuildConfiguration;
			buildSettings = {
				ALWAYS_SEARCH_USER_PATHS = NO;
				CLANG_ANALYZER_NONNULL = YES;
				CLANG_ANALYZER_NUMBER_OBJECT_CONVERSION = YES_AGGRESSIVE;
				CLANG_CXX_LANGUAGE_STANDARD = "gnu++17";
				CLANG_CXX_LIBRARY = "libc++";
				CLANG_ENABLE_MODULES = YES;
				CLANG_ENABLE_OBJC_ARC = YES;
				CLANG_ENABLE_OBJC_WEAK = YES;
				CLANG_WARN_BLOCK_CAPTURE_AUTORELEASING = YES;
				CLANG_WARN_BOOL_CONVERSION = YES;
				CLANG_WARN_COMMA = YES;
				CLANG_WARN_CONSTANT_CONVERSION = YES;
				CLANG_WARN_DEPRECATED_OBJC_IMPLEMENTATIONS = YES;
				CLANG_WARN_DIRECT_OBJC_ISA_USAGE = YES_ERROR;
				CLANG_WARN_DOCUMENTATION_COMMENTS = YES;
				CLANG_WARN_EMPTY_BODY = YES;
				CLANG_WARN_ENUM_CONVERSION = YES;
				CLANG_WARN_INFINITE_RECURSION = YES;
				CLANG_WARN_INT_CONVERSION = YES;
				CLANG_WARN_NON_LITERAL_NULL_CONVERSION = YES;
				CLANG_WARN_OBJC_IMPLICIT_RETAIN_SELF = YES;
				CLANG_WARN_OBJC_LITERAL_CONVERSION = YES;
				CLANG_WARN_OBJC_ROOT_CLASS = YES_ERROR;
				CLANG_WARN_QUOTED_INCLUDE_IN_FRAMEWORK_HEADER = YES;
				CLANG_WARN_RANGE_LOOP_ANALYSIS = YES;
				CLANG_WARN_STRICT_PROTOTYPES = YES;
				CLANG_WARN_SUSPICIOUS_MOVE = YES;
				CLANG_WARN_UNGUARDED_AVAILABILITY = YES_AGGRESSIVE;
				CLANG_WARN_UNREACHABLE_CODE = YES;
				CLANG_WARN__DUPLICATE_METHOD_MATCH = YES;
				COPY_PHASE_STRIP = NO;
				DEBUG_INFORMATION_FORMAT = dwarf;
				ENABLE_STRICT_OBJC_MSGSEND = YES;
				ENABLE_TESTABILITY = YES;
				GCC_C_LANGUAGE_STANDARD = gnu11;
				GCC_DYNAMIC_NO_PIC = NO;
				GCC_NO_COMMON_BLOCKS = YES;
				GCC_OPTIMIZATION_LEVEL = 0;
				GCC_PREPROCESSOR_DEFINITIONS = (
					"DEBUG=1",
					"$(inherited)",
				);
				GCC_WARN_64_TO_32_BIT_CONVERSION = YES;
				GCC_WARN_ABOUT_RETURN_TYPE = YES_ERROR;
				GCC_WARN_UNDECLARED_SELECTOR = YES;
				GCC_WARN_UNINITIALIZED_AUTOS = YES_AGGRESSIVE;
				GCC_WARN_UNUSED_FUNCTION = YES;
				GCC_WARN_UNUSED_VARIABLE = YES;
				IPHONEOS_DEPLOYMENT_TARGET = 15.2;
				MTL_ENABLE_DEBUG_INFO = INCLUDE_SOURCE;
				MTL_FAST_MATH = YES;
				ONLY_ACTIVE_ARCH = YES;
				SDKROOT = iphoneos;
				SWIFT_ACTIVE_COMPILATION_CONDITIONS = DEBUG;
				SWIFT_OPTIMIZATION_LEVEL = "-Onone";
			};
			name = Debug;
		};
		71BB6DC3279283C400348641 /* Release */ = {
			isa = XCBuildConfiguration;
			buildSettings = {
				ALWAYS_SEARCH_USER_PATHS = NO;
				CLANG_ANALYZER_NONNULL = YES;
				CLANG_ANALYZER_NUMBER_OBJECT_CONVERSION = YES_AGGRESSIVE;
				CLANG_CXX_LANGUAGE_STANDARD = "gnu++17";
				CLANG_CXX_LIBRARY = "libc++";
				CLANG_ENABLE_MODULES = YES;
				CLANG_ENABLE_OBJC_ARC = YES;
				CLANG_ENABLE_OBJC_WEAK = YES;
				CLANG_WARN_BLOCK_CAPTURE_AUTORELEASING = YES;
				CLANG_WARN_BOOL_CONVERSION = YES;
				CLANG_WARN_COMMA = YES;
				CLANG_WARN_CONSTANT_CONVERSION = YES;
				CLANG_WARN_DEPRECATED_OBJC_IMPLEMENTATIONS = YES;
				CLANG_WARN_DIRECT_OBJC_ISA_USAGE = YES_ERROR;
				CLANG_WARN_DOCUMENTATION_COMMENTS = YES;
				CLANG_WARN_EMPTY_BODY = YES;
				CLANG_WARN_ENUM_CONVERSION = YES;
				CLANG_WARN_INFINITE_RECURSION = YES;
				CLANG_WARN_INT_CONVERSION = YES;
				CLANG_WARN_NON_LITERAL_NULL_CONVERSION = YES;
				CLANG_WARN_OBJC_IMPLICIT_RETAIN_SELF = YES;
				CLANG_WARN_OBJC_LITERAL_CONVERSION = YES;
				CLANG_WARN_OBJC_ROOT_CLASS = YES_ERROR;
				CLANG_WARN_QUOTED_INCLUDE_IN_FRAMEWORK_HEADER = YES;
				CLANG_WARN_RANGE_LOOP_ANALYSIS = YES;
				CLANG_WARN_STRICT_PROTOTYPES = YES;
				CLANG_WARN_SUSPICIOUS_MOVE = YES;
				CLANG_WARN_UNGUARDED_AVAILABILITY = YES_AGGRESSIVE;
				CLANG_WARN_UNREACHABLE_CODE = YES;
				CLANG_WARN__DUPLICATE_METHOD_MATCH = YES;
				COPY_PHASE_STRIP = NO;
				DEBUG_INFORMATION_FORMAT = "dwarf-with-dsym";
				ENABLE_NS_ASSERTIONS = NO;
				ENABLE_STRICT_OBJC_MSGSEND = YES;
				GCC_C_LANGUAGE_STANDARD = gnu11;
				GCC_NO_COMMON_BLOCKS = YES;
				GCC_WARN_64_TO_32_BIT_CONVERSION = YES;
				GCC_WARN_ABOUT_RETURN_TYPE = YES_ERROR;
				GCC_WARN_UNDECLARED_SELECTOR = YES;
				GCC_WARN_UNINITIALIZED_AUTOS = YES_AGGRESSIVE;
				GCC_WARN_UNUSED_FUNCTION = YES;
				GCC_WARN_UNUSED_VARIABLE = YES;
				IPHONEOS_DEPLOYMENT_TARGET = 15.2;
				MTL_ENABLE_DEBUG_INFO = NO;
				MTL_FAST_MATH = YES;
				SDKROOT = iphoneos;
				SWIFT_COMPILATION_MODE = wholemodule;
				SWIFT_OPTIMIZATION_LEVEL = "-O";
				VALIDATE_PRODUCT = YES;
			};
			name = Release;
		};
		71BB6DC5279283C400348641 /* Debug */ = {
			isa = XCBuildConfiguration;
			buildSettings = {
				ASSETCATALOG_COMPILER_APPICON_NAME = AppIcon;
				ASSETCATALOG_COMPILER_GLOBAL_ACCENT_COLOR_NAME = AccentColor;
				CODE_SIGN_STYLE = Automatic;
				CURRENT_PROJECT_VERSION = 1;
				GENERATE_INFOPLIST_FILE = YES;
				INFOPLIST_FILE = "To do App/Info.plist";
				INFOPLIST_KEY_CFBundleDisplayName = "To do";
				INFOPLIST_KEY_UIApplicationSupportsIndirectInputEvents = YES;
				INFOPLIST_KEY_UILaunchStoryboardName = LaunchScreen;
				INFOPLIST_KEY_UIMainStoryboardFile = Main;
				INFOPLIST_KEY_UISupportedInterfaceOrientations = UIInterfaceOrientationPortrait;
				INFOPLIST_KEY_UISupportedInterfaceOrientations_iPad = "UIInterfaceOrientationPortrait UIInterfaceOrientationPortraitUpsideDown UIInterfaceOrientationLandscapeLeft UIInterfaceOrientationLandscapeRight";
				INFOPLIST_KEY_UISupportedInterfaceOrientations_iPhone = "UIInterfaceOrientationPortrait UIInterfaceOrientationLandscapeLeft UIInterfaceOrientationLandscapeRight";
				LD_RUNPATH_SEARCH_PATHS = (
					"$(inherited)",
					"@executable_path/Frameworks",
				);
				MARKETING_VERSION = 1.0;
				PRODUCT_BUNDLE_IDENTIFIER = "com.psp..To-do-App";
				PRODUCT_NAME = "$(TARGET_NAME)";
				SWIFT_EMIT_LOC_STRINGS = YES;
				SWIFT_VERSION = 5.0;
				TARGETED_DEVICE_FAMILY = "1,2";
			};
			name = Debug;
		};
		71BB6DC6279283C400348641 /* Release */ = {
			isa = XCBuildConfiguration;
			buildSettings = {
				ASSETCATALOG_COMPILER_APPICON_NAME = AppIcon;
				ASSETCATALOG_COMPILER_GLOBAL_ACCENT_COLOR_NAME = AccentColor;
				CODE_SIGN_STYLE = Automatic;
				CURRENT_PROJECT_VERSION = 1;
				GENERATE_INFOPLIST_FILE = YES;
				INFOPLIST_FILE = "To do App/Info.plist";
				INFOPLIST_KEY_CFBundleDisplayName = "To do";
				INFOPLIST_KEY_UIApplicationSupportsIndirectInputEvents = YES;
				INFOPLIST_KEY_UILaunchStoryboardName = LaunchScreen;
				INFOPLIST_KEY_UIMainStoryboardFile = Main;
				INFOPLIST_KEY_UISupportedInterfaceOrientations = UIInterfaceOrientationPortrait;
				INFOPLIST_KEY_UISupportedInterfaceOrientations_iPad = "UIInterfaceOrientationPortrait UIInterfaceOrientationPortraitUpsideDown UIInterfaceOrientationLandscapeLeft UIInterfaceOrientationLandscapeRight";
				INFOPLIST_KEY_UISupportedInterfaceOrientations_iPhone = "UIInterfaceOrientationPortrait UIInterfaceOrientationLandscapeLeft UIInterfaceOrientationLandscapeRight";
				LD_RUNPATH_SEARCH_PATHS = (
					"$(inherited)",
					"@executable_path/Frameworks",
				);
				MARKETING_VERSION = 1.0;
				PRODUCT_BUNDLE_IDENTIFIER = "com.psp..To-do-App";
				PRODUCT_NAME = "$(TARGET_NAME)";
				SWIFT_EMIT_LOC_STRINGS = YES;
				SWIFT_VERSION = 5.0;
				TARGETED_DEVICE_FAMILY = "1,2";
			};
			name = Release;
		};
		71BB6DC8279283C400348641 /* Debug */ = {
			isa = XCBuildConfiguration;
			buildSettings = {
				ALWAYS_EMBED_SWIFT_STANDARD_LIBRARIES = YES;
				BUNDLE_LOADER = "$(TEST_HOST)";
				CODE_SIGN_STYLE = Automatic;
				CURRENT_PROJECT_VERSION = 1;
				GENERATE_INFOPLIST_FILE = YES;
				IPHONEOS_DEPLOYMENT_TARGET = 15.2;
				MARKETING_VERSION = 1.0;
				PRODUCT_BUNDLE_IDENTIFIER = "com.psp..To-do-AppTests";
				PRODUCT_NAME = "$(TARGET_NAME)";
				SWIFT_EMIT_LOC_STRINGS = NO;
				SWIFT_VERSION = 5.0;
				TARGETED_DEVICE_FAMILY = "1,2";
				TEST_HOST = "$(BUILT_PRODUCTS_DIR)/To do App.app/To do App";
			};
			name = Debug;
		};
		71BB6DC9279283C400348641 /* Release */ = {
			isa = XCBuildConfiguration;
			buildSettings = {
				ALWAYS_EMBED_SWIFT_STANDARD_LIBRARIES = YES;
				BUNDLE_LOADER = "$(TEST_HOST)";
				CODE_SIGN_STYLE = Automatic;
				CURRENT_PROJECT_VERSION = 1;
				GENERATE_INFOPLIST_FILE = YES;
				IPHONEOS_DEPLOYMENT_TARGET = 15.2;
				MARKETING_VERSION = 1.0;
				PRODUCT_BUNDLE_IDENTIFIER = "com.psp..To-do-AppTests";
				PRODUCT_NAME = "$(TARGET_NAME)";
				SWIFT_EMIT_LOC_STRINGS = NO;
				SWIFT_VERSION = 5.0;
				TARGETED_DEVICE_FAMILY = "1,2";
				TEST_HOST = "$(BUILT_PRODUCTS_DIR)/To do App.app/To do App";
			};
			name = Release;
		};
		71BB6DCB279283C400348641 /* Debug */ = {
			isa = XCBuildConfiguration;
			buildSettings = {
				ALWAYS_EMBED_SWIFT_STANDARD_LIBRARIES = YES;
				CODE_SIGN_STYLE = Automatic;
				CURRENT_PROJECT_VERSION = 1;
				GENERATE_INFOPLIST_FILE = YES;
				MARKETING_VERSION = 1.0;
				PRODUCT_BUNDLE_IDENTIFIER = "com.psp..To-do-AppUITests";
				PRODUCT_NAME = "$(TARGET_NAME)";
				SWIFT_EMIT_LOC_STRINGS = NO;
				SWIFT_VERSION = 5.0;
				TARGETED_DEVICE_FAMILY = "1,2";
				TEST_TARGET_NAME = "To do App";
			};
			name = Debug;
		};
		71BB6DCC279283C400348641 /* Release */ = {
			isa = XCBuildConfiguration;
			buildSettings = {
				ALWAYS_EMBED_SWIFT_STANDARD_LIBRARIES = YES;
				CODE_SIGN_STYLE = Automatic;
				CURRENT_PROJECT_VERSION = 1;
				GENERATE_INFOPLIST_FILE = YES;
				MARKETING_VERSION = 1.0;
				PRODUCT_BUNDLE_IDENTIFIER = "com.psp..To-do-AppUITests";
				PRODUCT_NAME = "$(TARGET_NAME)";
				SWIFT_EMIT_LOC_STRINGS = NO;
				SWIFT_VERSION = 5.0;
				TARGETED_DEVICE_FAMILY = "1,2";
				TEST_TARGET_NAME = "To do App";
			};
			name = Release;
		};
/* End XCBuildConfiguration section */

/* Begin XCConfigurationList section */
		71BB6D95279283C000348641 /* Build configuration list for PBXProject "To do App" */ = {
			isa = XCConfigurationList;
			buildConfigurations = (
				71BB6DC2279283C400348641 /* Debug */,
				71BB6DC3279283C400348641 /* Release */,
			);
			defaultConfigurationIsVisible = 0;
			defaultConfigurationName = Release;
		};
		71BB6DC4279283C400348641 /* Build configuration list for PBXNativeTarget "To do App" */ = {
			isa = XCConfigurationList;
			buildConfigurations = (
				71BB6DC5279283C400348641 /* Debug */,
				71BB6DC6279283C400348641 /* Release */,
			);
			defaultConfigurationIsVisible = 0;
			defaultConfigurationName = Release;
		};
		71BB6DC7279283C400348641 /* Build configuration list for PBXNativeTarget "To do AppTests" */ = {
			isa = XCConfigurationList;
			buildConfigurations = (
				71BB6DC8279283C400348641 /* Debug */,
				71BB6DC9279283C400348641 /* Release */,
			);
			defaultConfigurationIsVisible = 0;
			defaultConfigurationName = Release;
		};
		71BB6DCA279283C400348641 /* Build configuration list for PBXNativeTarget "To do AppUITests" */ = {
			isa = XCConfigurationList;
			buildConfigurations = (
				71BB6DCB279283C400348641 /* Debug */,
				71BB6DCC279283C400348641 /* Release */,
			);
			defaultConfigurationIsVisible = 0;
			defaultConfigurationName = Release;
		};
/* End XCConfigurationList section */

/* Begin XCRemoteSwiftPackageReference section */
		7148EA7927930E44000AC8E2 /* XCRemoteSwiftPackageReference "realm-swift" */ = {
			isa = XCRemoteSwiftPackageReference;
			repositoryURL = "https://github.com/realm/realm-swift";
			requirement = {
				branch = master;
				kind = branch;
			};
		};
/* End XCRemoteSwiftPackageReference section */

/* Begin XCSwiftPackageProductDependency section */
		7148EA7D27931AAE000AC8E2 /* RealmSwift */ = {
			isa = XCSwiftPackageProductDependency;
			package = 7148EA7927930E44000AC8E2 /* XCRemoteSwiftPackageReference "realm-swift" */;
			productName = RealmSwift;
		};
/* End XCSwiftPackageProductDependency section */
	};
	rootObject = 71BB6D92279283C000348641 /* Project object */;
}
